
Microsoft Visual Studio Solution File, Format Version 12.00
# Visual Studio Version 16
VisualStudioVersion = 16.0.31112.23
MinimumVisualStudioVersion = 10.0.40219.1
Project("{FAE04EC0-301F-11D3-BF4B-00C04F79EFBC}") = "ApiService", "ApiService\ApiService.csproj", "{952ADC7D-F421-454F-BAE8-22660D14C23D}"
EndProject
Global
	GlobalSection(SolutionConfigurationPlatforms) = preSolution
		Debug|Any CPU = Debug|Any CPU
		Release|Any CPU = Release|Any CPU
	EndGlobalSection
	GlobalSection(ProjectConfigurationPlatforms) = postSolution
		{952ADC7D-F421-454F-BAE8-22660D14C23D}.Debug|Any CPU.ActiveCfg = Debug|Any CPU
		{952ADC7D-F421-454F-BAE8-22660D14C23D}.Debug|Any CPU.Build.0 = Debug|Any CPU
		{952ADC7D-F421-454F-BAE8-22660D14C23D}.Release|Any CPU.ActiveCfg = Release|Any CPU
		{952ADC7D-F421-454F-BAE8-22660D14C23D}.Release|Any CPU.Build.0 = Release|Any CPU
	EndGlobalSection
	GlobalSection(SolutionProperties) = preSolution
		HideSolutionNode = FALSE
	EndGlobalSection
	GlobalSection(ExtensibilityGlobals) = postSolution
		SolutionGuid = {81A16FDA-B715-46E1-A801-21C6BFBFAD13}
	EndGlobalSection
EndGlobal
